
Microsoft Visual Studio Solution File, Format Version 12.00
# Visual Studio 15
VisualStudioVersion = 15.0.27428.2002
MinimumVisualStudioVersion = 10.0.40219.1
Project("{9A19103F-16F7-4668-BE54-9A1E7A4F7556}") = "KommunityWebApp", "KommunityWebApp\KommunityWebApp.csproj", "{991A872B-DB43-4ABC-8528-A8D05E6D7800}"
EndProject
Global
	GlobalSection(SolutionConfigurationPlatforms) = preSolution
		Debug|Any CPU = Debug|Any CPU
		Release|Any CPU = Release|Any CPU
	EndGlobalSection
	GlobalSection(ProjectConfigurationPlatforms) = postSolution
		{991A872B-DB43-4ABC-8528-A8D05E6D7800}.Debug|Any CPU.ActiveCfg = Debug|Any CPU
		{991A872B-DB43-4ABC-8528-A8D05E6D7800}.Debug|Any CPU.Build.0 = Debug|Any CPU
		{991A872B-DB43-4ABC-8528-A8D05E6D7800}.Release|Any CPU.ActiveCfg = Release|Any CPU
		{991A872B-DB43-4ABC-8528-A8D05E6D7800}.Release|Any CPU.Build.0 = Release|Any CPU
	EndGlobalSection
	GlobalSection(SolutionProperties) = preSolution
		HideSolutionNode = FALSE
	EndGlobalSection
	GlobalSection(ExtensibilityGlobals) = postSolution
		SolutionGuid = {BD080F75-E722-4317-AEAC-D622A157D2CC}
	EndGlobalSection
EndGlobal
